{
  "lockfileVersion": 1,
  "configVersion": 1,
  "workspaces": {
    "": {
      "name": "react-native-pager-view-e2e",
      "devDependencies": {
        "@e2e-dev/github": "^0.4.0",
        "@e2e-dev/mobile": "^0.10.0",
        "@types/node": "^26.5.0",
        "e2e": "^0.18.0",
        "typescript": "^7.0.2",
      },
    },
  },
  "packages": {
    "@ai-sdk/provider": ["@ai-sdk/provider@4.0.21", "", { "dependencies": { "json-schema": "^0.4.0" } }, "sha512-UpbC9C1oht8dhfKPbVXSLRZS3DI8uk8n5v2uMjBPNIYGsC2kL045ywq7D8Hh9KgnH9rP5W/GxQdYtWScRouqlA=="],

    "@clack/core": ["@clack/core@1.5.1", "", { "dependencies": { "fast-wrap-ansi": "^0.2.0", "sisteransi": "^1.0.5" } }, "sha512-iHTrHA8MtVuLl2TfZySmcKv1qO2PoyC9Z7pfSDozEuV5vtY3/wcOPKJXlqJ5Oq2Cx5DDGQGAMVx6HZfRRoVEbQ=="],

    "@clack/prompts": ["@clack/prompts@1.8.1", "", { "dependencies": { "@clack/core": "1.5.1", "fast-string-width": "^3.0.2", "fast-wrap-ansi": "^0.2.0", "sisteransi": "^1.0.5" } }, "sha512-dlT1m5e/0yUL0kRNcQn7yGLVThkgbB0Ga/1AmfDDC/8ik6AIiSf2QLQO2zPYvefsHP0aFgxO93cVLCCfDp7kzQ=="],

    "@e2e-dev/github": ["@e2e-dev/github@0.4.0", "", { "peerDependencies": { "e2e": ">=0.15.0 <1" } }, "sha512-h4F51Ncwk9VWgdPgAJCjXvqQrBd6sQSt3yvpl9XNJkLTOccndr3A6eAfw6iY49KvNOpZicdQ/glDHxs1c4Lm7Q=="],

    "@e2e-dev/mobile": ["@e2e-dev/mobile@0.10.0", "", { "dependencies": { "agent-device": "0.21.22", "pngjs": "7.0.0", "zod": "4.6.1" }, "peerDependencies": { "ai": "^7.0.0", "e2e": ">=0.15.0 <1" }, "optionalPeers": ["ai"] }, "sha512-Oz6ePagl8S/WnCQlfw0WuABpGAgMKK0mTshzuO/p8XEdttwBfO9sJsAWG7PiRF9dwEyU1IkCu8eNdtv/pk3akA=="],

    "@jridgewell/gen-mapping": ["@jridgewell/gen-mapping@0.3.13", "", { "dependencies": { "@jridgewell/sourcemap-codec": "^1.5.0", "@jridgewell/trace-mapping": "^0.3.24" } }, "sha512-2kkt/7niJ6MgEPxF0bYdQ6etZaA+fQvDcLKckhy1yIQOzaoKjBBjSj63/aLVjYE3qhRt5dvM+uUyfCg6UKCBbA=="],

    "@jridgewell/remapping": ["@jridgewell/remapping@2.3.5", "", { "dependencies": { "@jridgewell/gen-mapping": "^0.3.5", "@jridgewell/trace-mapping": "^0.3.24" } }, "sha512-LI9u/+laYG4Ds1TDKSJW2YPrIlcVYOwi2fUC6xB43lueCjgxV4lffOCZCtYFiH6TNOX+tQKXx97T4IKHbhyHEQ=="],

    "@jridgewell/resolve-uri": ["@jridgewell/resolve-uri@3.1.2", "", {}, "sha512-bRISgCIjP20/tbWSPWMEi54QVPRZExkuD9lJL+UIxUKtwVJA8wW1Trb1jMs1RFXo1CBTNZ/5hpC9QvmKWdopKw=="],

    "@jridgewell/sourcemap-codec": ["@jridgewell/sourcemap-codec@1.6.0", "", {}, "sha512-T7jf+5zgsZHwNJ4lvQ7/aezbyk0nNX+zJVWpmHA7VYsEx7a7qr5Rg5IbtJFqkgze5Y2sruq1RUY8Q837Od7iFw=="],

    "@jridgewell/trace-mapping": ["@jridgewell/trace-mapping@0.3.31", "", { "dependencies": { "@jridgewell/resolve-uri": "^3.1.0", "@jridgewell/sourcemap-codec": "^1.4.14" } }, "sha512-zzNR+SdQSDJzc8joaeP8QQoCQr8NuYx2dIIytl1QeBEZHJ9uW6hebsrYgbz8hJwUQao3TWCMtmfV8Nu1twOLAw=="],

    "@modelcontextprotocol/core": ["@modelcontextprotocol/core@2.3.0", "", { "dependencies": { "zod": "^4.2.0" } }, "sha512-09BHFaNVBe5pB2AhzCfLj0cqmsKLERvZQ4FblzP90UMGLaXVqdZPByFjURwsUYCmxonUW2yAwgTTvle+8O2/8w=="],

    "@modelcontextprotocol/server": ["@modelcontextprotocol/server@2.3.0", "", { "dependencies": { "@modelcontextprotocol/core": "2.3.0", "zod": "^4.2.0" } }, "sha512-+6b0LdsQLmHsvS7J6sQJ4weTpzUn61fU1JKS+321/+IyDYoHW5CR2Tgqcs6GgAAQvlesCo6yX3xttgmx+XGtJw=="],

    "@oxc-parser/binding-android-arm-eabi": ["@oxc-parser/binding-android-arm-eabi@0.152.0", "", { "os": "android", "cpu": "arm" }, "sha512-393VtirINkae4XHBTkq/yQxhOwEr4V+r0et37P2fp+sYZSdYgZTRDPo5Um8vBh0QjMZ+RmaMy4PP0qwr4cTMwA=="],

    "@oxc-parser/binding-android-arm64": ["@oxc-parser/binding-android-arm64@0.152.0", "", { "os": "android", "cpu": "arm64" }, "sha512-iYFcExATJNZ0rZj0o02THbD1Nc9jAW0nVgIQPee6ejbSASpbZXlIMw8jxtpzaG14JQTWwGSZ6U5dEtRJXE6V3Q=="],

    "@oxc-parser/binding-darwin-arm64": ["@oxc-parser/binding-darwin-arm64@0.152.0", "", { "os": "darwin", "cpu": "arm64" }, "sha512-fnU+DfUzi5/rFy0LzmipYRz06PAUUkOS8kCJQ3Eg6oqlunC1XZXoffFqxmdL51RmcbYtUG3P8DVG1U5fckoa2A=="],

    "@oxc-parser/binding-darwin-x64": ["@oxc-parser/binding-darwin-x64@0.152.0", "", { "os": "darwin", "cpu": "x64" }, "sha512-Y3U2okryWTs7hDld6UhjJwLNf8/do+x4g4C+1U5SiGwrTLwbO83WJYJA8+l9iFSilWBgnfpd/+U76tfeNxUHzA=="],

    "@oxc-parser/binding-freebsd-x64": ["@oxc-parser/binding-freebsd-x64@0.152.0", "", { "os": "freebsd", "cpu": "x64" }, "sha512-XkhkRrrPffEw+ZLv/d/5pEni0buxinm/E/N6fLbJCunD1DBbeCTtVP23ESV+4CWCWdSz397asks1ViGslpmWiQ=="],

    "@oxc-parser/binding-linux-arm-gnueabihf": ["@oxc-parser/binding-linux-arm-gnueabihf@0.152.0", "", { "os": "linux", "cpu": "arm" }, "sha512-MLzsRRbdfmdzo6JEhbC1yKU9ItfvM8tEf18HM32jCiNYZEz6J3bRBRl3cTkKR0vBdrk9ZVlcARXtwHccs+epDA=="],

    "@oxc-parser/binding-linux-arm-musleabihf": ["@oxc-parser/binding-linux-arm-musleabihf@0.152.0", "", { "os": "linux", "cpu": "arm" }, "sha512-HHerTEJz7Iy10Ji6BGsk4gqG6PU0UzFuBu91jIEOX89FnrI5ECWSEr7BLpkYQhp7U0QFtMnBhNfQKI0hYZK78w=="],

    "@oxc-parser/binding-linux-arm64-gnu": ["@oxc-parser/binding-linux-arm64-gnu@0.152.0", "", { "os": "linux", "cpu": "arm64" }, "sha512-9Bb8GyzZ2uSLzRDZ27usaKokr07mxiBe2dDF5b6bd2janmaJTT1gL51UfP7AU30yFiXrJvcRyFKREAgKwZYs0w=="],

    "@oxc-parser/binding-linux-arm64-musl": ["@oxc-parser/binding-linux-arm64-musl@0.152.0", "", { "os": "linux", "cpu": "arm64" }, "sha512-om7iDMUroI74A/lfRRWY9/Ev3VWrVsrUZ4tyvyh8raBey/sdcfyAD7tYWc+iykAiotnmftyKTpUKFr1QnaBrAQ=="],

    "@oxc-parser/binding-linux-ppc64-gnu": ["@oxc-parser/binding-linux-ppc64-gnu@0.152.0", "", { "os": "linux", "cpu": "ppc64" }, "sha512-Lf1OL2lMTqwDMFC6jnRb30B+WYHKV0XT+bPHcFM6xHtNVwxpobiTzUIvKH6a0LWpvfwyru8Yu6zCGHqqFHH+gg=="],

    "@oxc-parser/binding-linux-riscv64-gnu": ["@oxc-parser/binding-linux-riscv64-gnu@0.152.0", "", { "os": "linux", "cpu": "none" }, "sha512-BYWSMQK+YJ9ZILStPcmmiSVq8KEG9Qdq/c4BHPC3rUEq/fEDCVjUIwdj5ZzjgZ9P9is9PKu0tcAXzq1ZXg4urQ=="],

    "@oxc-parser/binding-linux-riscv64-musl": ["@oxc-parser/binding-linux-riscv64-musl@0.152.0", "", { "os": "linux", "cpu": "none" }, "sha512-d2LqHNNNqdH185sRK5dPKWZu201JrNu9/CRFuVEuT+ht7n/QaVblEMWT9MALQPrDWYvhG10P+NSKJFquDWZ09w=="],

    "@oxc-parser/binding-linux-s390x-gnu": ["@oxc-parser/binding-linux-s390x-gnu@0.152.0", "", { "os": "linux", "cpu": "s390x" }, "sha512-8gBeHt5rA/8+pKhHl+zLggfa3L/V/L2at96p7ty6pBE7id6lFO19nFUc15u2PcjC4OYeYK465MKy1fhhbpFIGw=="],

    "@oxc-parser/binding-linux-x64-gnu": ["@oxc-parser/binding-linux-x64-gnu@0.152.0", "", { "os": "linux", "cpu": "x64" }, "sha512-ltgrSF6L+yPTVsIdaAyqKq3zTqzj/1VlNbxWZuxAe8flR3sWdyNsKvdXukoO8/ucJbLickhmieRBge+o/e8Ugw=="],

    "@oxc-parser/binding-linux-x64-musl": ["@oxc-parser/binding-linux-x64-musl@0.152.0", "", { "os": "linux", "cpu": "x64" }, "sha512-LcMp6BvrBnewSfdkLHoSqidhoAq4syKOTBV5TYHWd+2VnGkfD/nPRRVIzTBt/Lkbt7pfOFDGtkiTntFS0p6sQQ=="],

    "@oxc-parser/binding-openharmony-arm64": ["@oxc-parser/binding-openharmony-arm64@0.152.0", "", { "os": "none", "cpu": "arm64" }, "sha512-jbhoMCslVxzRCRNQ8TSHxjYdSKRvk8O6ciLVDkahJvmyHDzBqba/bMQHM6ULKj/rgHNNbSzlIiakdx8SEfkJzA=="],

    "@oxc-parser/binding-win32-arm64-msvc": ["@oxc-parser/binding-win32-arm64-msvc@0.152.0", "", { "os": "win32", "cpu": "arm64" }, "sha512-JZYVlhv36mr/nertnRB7vchJECOBb1Lz6lltalILsB+o9M/is+H6BEDRLQKdqA4JKs6NjJszo46+iM5sfwj6jQ=="],

    "@oxc-parser/binding-win32-ia32-msvc": ["@oxc-parser/binding-win32-ia32-msvc@0.152.0", "", { "os": "win32", "cpu": "ia32" }, "sha512-1X9oganvVsunRH0lH10UU05N+H9atpX6WsOybByUjwnfcd3h/0tYwvuv16XuHglrIUOnxV2TodbLVEwwafd64g=="],

    "@oxc-parser/binding-win32-x64-msvc": ["@oxc-parser/binding-win32-x64-msvc@0.152.0", "", { "os": "win32", "cpu": "x64" }, "sha512-sw0M80/dn9rcpu+Rqqph/C+MjvDDce6MlXmFjsNQtPEymha0eJy3ml6+foSUTqFfpDIDyHZZ4eoJ43IoMe8bJw=="],

    "@oxc-project/runtime": ["@oxc-project/runtime@0.152.0", "", {}, "sha512-fsq/7JVJo8YAmMPnt3Z7akMdMoCokRND5jjawa5DxuKJBEaI0Dl3ZqEXFlLabKoZhlApIexZ7aycXFcjcTcWvw=="],

    "@oxc-project/types": ["@oxc-project/types@0.152.0", "", {}, "sha512-oM/5rLBm2tPkg0iBgkH/FOeR3PCDpY19GTgAZjMFM8h9WI9VW7cLgzp6nwtarYKmovavIQZ+Fe/RKX/8C8O/Rw=="],

    "@oxc-transform/binding-android-arm-eabi": ["@oxc-transform/binding-android-arm-eabi@0.152.0", "", { "os": "android", "cpu": "arm" }, "sha512-GBVYZdUggANq7ndUuE9HBi1jO6d2+oud3cevfQkpqrV7JsDNwQU5UCGa8rZCvzjIvyn6ikQuJu+sj4RvLyN6Uw=="],

    "@oxc-transform/binding-android-arm64": ["@oxc-transform/binding-android-arm64@0.152.0", "", { "os": "android", "cpu": "arm64" }, "sha512-pqeCLGUnozzyJE9Ed9js2w+V1lHQ43qPImMfgTh7it+a3LJqUjAt+OesJ6pqkPycRFV6b0pUWZm6EkpM8mk7ag=="],

    "@oxc-transform/binding-darwin-arm64": ["@oxc-transform/binding-darwin-arm64@0.152.0", "", { "os": "darwin", "cpu": "arm64" }, "sha512-0d68wdepj2bjnDijPdvC/3MnrZcs8hoCp19qnGX2tyxnSIPevgqa9RX5i31ex5JMczht/VGp4aKeV1p12dwzQQ=="],

    "@oxc-transform/binding-darwin-x64": ["@oxc-transform/binding-darwin-x64@0.152.0", "", { "os": "darwin", "cpu": "x64" }, "sha512-jFTRTyZzYhqSrxkaI9hTwClPTXtdqRyPSXUFGLJmStYS+b6qnhbI1ottivWdAg0HJXytyg8YeqgUJWSu2lU/jA=="],

    "@oxc-transform/binding-freebsd-x64": ["@oxc-transform/binding-freebsd-x64@0.152.0", "", { "os": "freebsd", "cpu": "x64" }, "sha512-L4Y8IfrcaxjK9kK3ddRAyZPa6nzJHn6fgkVIKoBlP53vmCobPL1mtuIdXQThD0VmV6e4aSAJg2An6qkdjeZC8Q=="],

    "@oxc-transform/binding-linux-arm-gnueabihf": ["@oxc-transform/binding-linux-arm-gnueabihf@0.152.0", "", { "os": "linux", "cpu": "arm" }, "sha512-GrohqmIKEK/YXCzAGP8XGQrPVBdUHPpvqdhvw+VutpWZofxDOq39Zed+Gqlea2mycXo+/UNeq1194eaAYkqKQQ=="],

    "@oxc-transform/binding-linux-arm-musleabihf": ["@oxc-transform/binding-linux-arm-musleabihf@0.152.0", "", { "os": "linux", "cpu": "arm" }, "sha512-wUI+JoZEs4+GntxjK2YOKtQDG822wv+aGYm1OUZ2+NAgi8ghOTUP3RH/GX8Vq0qJ2Yw3OwKLUIZzufXklQ7pCQ=="],

    "@oxc-transform/binding-linux-arm64-gnu": ["@oxc-transform/binding-linux-arm64-gnu@0.152.0", "", { "os": "linux", "cpu": "arm64" }, "sha512-EcY52e0BOfynOA/brCInvQO3ZSukbAEc+BsbpRoRdJ4qV10NK0aS/FheBvkj/V3cFidee6QlrUpqgpN4WKV+Sg=="],

    "@oxc-transform/binding-linux-arm64-musl": ["@oxc-transform/binding-linux-arm64-musl@0.152.0", "", { "os": "linux", "cpu": "arm64" }, "sha512-L4OGw0UuuyYKAPnUvvW+tvq6nS/tBoolVuPekNJqYnDYfe5Nh1619ImfhP0o0Wz+SG4OQW35ByRWjVf/oK3x0w=="],

    "@oxc-transform/binding-linux-ppc64-gnu": ["@oxc-transform/binding-linux-ppc64-gnu@0.152.0", "", { "os": "linux", "cpu": "ppc64" }, "sha512-5K9qNjNKlyhBdGkkIhYFonO/H3Yc37miy5cXefTB71aPOv9jv6HQrDuj6AJcBkggbmkeyEJhlFamUbGMsMGBiA=="],

    "@oxc-transform/binding-linux-riscv64-gnu": ["@oxc-transform/binding-linux-riscv64-gnu@0.152.0", "", { "os": "linux", "cpu": "none" }, "sha512-WlGvnZhmRItWqjsGd2OBKPan75FbqpF4HPuGL7P6f7Oz1VHm6IatnwCK2MI16QXH7BEs6GRohZHpmgThc0V/uw=="],

    "@oxc-transform/binding-linux-riscv64-musl": ["@oxc-transform/binding-linux-riscv64-musl@0.152.0", "", { "os": "linux", "cpu": "none" }, "sha512-TWZX7QGkU4LF9NS+HBUVWsbQXWDuWt58r+L/31gSJ/iHCJw/3jM2yD408IRVjXYX5jFgmsJbxrUlW3xlVeAL3Q=="],

    "@oxc-transform/binding-linux-s390x-gnu": ["@oxc-transform/binding-linux-s390x-gnu@0.152.0", "", { "os": "linux", "cpu": "s390x" }, "sha512-VIP7463d0nIAGFv2VXb4mRf20qrpZg0kNHBw8E3fLuHj0bt4HVHDgsqAgeFWOonWwSwsM415TFjNmHhlaStCLQ=="],

    "@oxc-transform/binding-linux-x64-gnu": ["@oxc-transform/binding-linux-x64-gnu@0.152.0", "", { "os": "linux", "cpu": "x64" }, "sha512-hwnHMVCnGIoS/eMh7T836mJpWim2iCSWGlCS+aZ+SjhEEUvSSUE54ljua7bk25vaj4L84cFnruTCa7HqyaQ2YQ=="],

    "@oxc-transform/binding-linux-x64-musl": ["@oxc-transform/binding-linux-x64-musl@0.152.0", "", { "os": "linux", "cpu": "x64" }, "sha512-5NPItMgM9GfIW0SbpOXvEFIijin5VcNEParmBEm9j+RXr8Ko7pZ3a1ydk/Sy+EOvaSTkXMY6TkVyLfczwdudSQ=="],

    "@oxc-transform/binding-openharmony-arm64": ["@oxc-transform/binding-openharmony-arm64@0.152.0", "", { "os": "none", "cpu": "arm64" }, "sha512-pNzMq4AhBUV8E/cc41SgYTjzW/AWq1DtEKz1l56Mn1TKfidJwP8sGnIw0EXhD6zKFUlPoqkWfvoe5TiDAYeT+w=="],

    "@oxc-transform/binding-win32-arm64-msvc": ["@oxc-transform/binding-win32-arm64-msvc@0.152.0", "", { "os": "win32", "cpu": "arm64" }, "sha512-PU6cGmVDYo2HHG9ul6vKj189YJPZrcscdWzQakJD6NU4CqvqISbZLUHwz6DVe0v8CbOe2d24zUdipILaRofZ5g=="],

    "@oxc-transform/binding-win32-ia32-msvc": ["@oxc-transform/binding-win32-ia32-msvc@0.152.0", "", { "os": "win32", "cpu": "ia32" }, "sha512-Sdcoky580dPgj9Qp+i4zrCV7NpIYZW6bBrcQvOwyDmNlJQ2iYK/V3Q3FGNHLulrxgXrpzqQwMcLs8KRIg0u0yw=="],

    "@oxc-transform/binding-win32-x64-msvc": ["@oxc-transform/binding-win32-x64-msvc@0.152.0", "", { "os": "win32", "cpu": "x64" }, "sha512-QnN+/Hsig/vI9zoCNVbbqv0GmZWUGqlPg2ZTEyVw/PvgAXd8pRRfN6CxdKEtJTnaVwJFVYaw/5LR6ZWCVBwDeQ=="],

    "@standard-schema/spec": ["@standard-schema/spec@1.1.0", "", {}, "sha512-l2aFy5jALhniG5HgqrD6jXLi/rUWrKvqN/qJx6yoJsgKhblVd+iqqU4RCXavm/jPityDo5TCvKMnpjKnOriy0w=="],

    "@types/chai": ["@types/chai@5.2.3", "", { "dependencies": { "@types/deep-eql": "*", "assertion-error": "^2.0.1" } }, "sha512-Mw558oeA9fFbv65/y4mHtXDs9bPnFMZAL/jxdPFUpOHHIXX91mcgEHbS5Lahr+pwZFR8A7GQleRWeI6cGFC2UA=="],

    "@types/deep-eql": ["@types/deep-eql@4.0.2", "", {}, "sha512-c9h9dVVMigMPc4bwTvC5dxqtqJZwQPePsWjPlpSOnojbor6pGqdk541lfA7AqFQr5pB1BRdq0juY9db81BwyFw=="],

    "@types/node": ["@types/node@26.5.0", "", { "dependencies": { "undici-types": "~8.9.0" } }, "sha512-dVSGpriSoCgz8WnDNTuSSuSv1PC/ALXihO4ulRZt7Md8k9mlbdin3lGOcDE8SnWOgf513ByWlXd7BK4azmyg/A=="],

    "@typescript/typescript-aix-ppc64": ["@typescript/typescript-aix-ppc64@7.0.2", "", { "os": "aix", "cpu": "ppc64" }, "sha512-MTKKkWB7p/0E9xi1d1tHtZ5PiLkGEMIq88pK2CubZjOsLtYTLqhgIgi6zepFa+9GHZ6h05NMCkQxGKiPXMxXtQ=="],

    "@typescript/typescript-darwin-arm64": ["@typescript/typescript-darwin-arm64@7.0.2", "", { "os": "darwin", "cpu": "arm64" }, "sha512-gowzar9MwS/aRWp6f3a4KUqzRjAZjOsmGNCM6LcTgXum+dBfgsBVMN+AgvOCCbguXyick6LJhpBszxMebJ8syA=="],

    "@typescript/typescript-darwin-x64": ["@typescript/typescript-darwin-x64@7.0.2", "", { "os": "darwin", "cpu": "x64" }, "sha512-SZ9xZInqApNlNGc9s0W1VSsktYSOe9cFqNOIqmN1Gs8SmkjKZYFt017G4VwPxASInODuAdbTW7sXiFUf893RgA=="],

    "@typescript/typescript-freebsd-arm64": ["@typescript/typescript-freebsd-arm64@7.0.2", "", { "os": "freebsd", "cpu": "arm64" }, "sha512-W5NH4y/J0plIIS5b2xvTEkU7JFxyqdMAOgf+Ilhl0vHQXKO5dZoxd+C/jEtq56c4F3wk71RB4BMRQ2XdI+bwYQ=="],

    "@typescript/typescript-freebsd-x64": ["@typescript/typescript-freebsd-x64@7.0.2", "", { "os": "freebsd", "cpu": "x64" }, "sha512-UMGDx5sTpzNw3WiPebH7l90IWfJggEd+egHt/q6p7/Cm3zqoV7VxkGXt+3DxPIw8CcmvAB0j3sVVfbhX+M4Tpw=="],

    "@typescript/typescript-linux-arm": ["@typescript/typescript-linux-arm@7.0.2", "", { "os": "linux", "cpu": "arm" }, "sha512-gffT3xPz9sR7j/YJExkyPntrI0P2EP9XbOyWzth2/Gs0RstK+90RBcO0ncXoXy/beYll1SXw846Nf2zdnEz0QQ=="],

    "@typescript/typescript-linux-arm64": ["@typescript/typescript-linux-arm64@7.0.2", "", { "os": "linux", "cpu": "arm64" }, "sha512-Qh4eU4/y3yDjnfjjyPYihMj5/ODIlmt+Bzu17OI+fiSRDW57QmU5SiN63exPRNJPKUzcc1INa1NXdrJ+MqHjUQ=="],

    "@typescript/typescript-linux-loong64": ["@typescript/typescript-linux-loong64@7.0.2", "", { "os": "linux", "cpu": "none" }, "sha512-uEHck9i8hoAzXPiYRib1O7miOnz23SxIeVl6F4LXox+qov1K35jHcEW6VHKvZI+pyvl7fZEP4MCU5LYvIq1GuQ=="],

    "@typescript/typescript-linux-mips64el": ["@typescript/typescript-linux-mips64el@7.0.2", "", { "os": "linux", "cpu": "none" }, "sha512-R4KvAMnE43W5Qeqb0Ly56O3mWMWIAgsMyz36DCaycd5nbg/9kzm0liw3JocfRqyJY0KPmzFjbswozXyW0DnIYA=="],

    "@typescript/typescript-linux-ppc64": ["@typescript/typescript-linux-ppc64@7.0.2", "", { "os": "linux", "cpu": "ppc64" }, "sha512-DORx5b3sd/4S7eayxm4FQv+A7CrkUIGRaHiwI8oiHTAI1fAPWhF4J0vAlkC8biAlHSVVwxMQ3tjZ2/DVbnQiiA=="],

    "@typescript/typescript-linux-riscv64": ["@typescript/typescript-linux-riscv64@7.0.2", "", { "os": "linux", "cpu": "none" }, "sha512-wf0jqEDOjrPRnKwYRyyJDRo11KMbvMFrU+q4zqKyChODBzvlkbhNQfKvLxQCcwTpdDaXSHZTVuh0JoCrKCUMHQ=="],

    "@typescript/typescript-linux-s390x": ["@typescript/typescript-linux-s390x@7.0.2", "", { "os": "linux", "cpu": "s390x" }, "sha512-IkwJc3L7yhytWd/ewjyxNDfOmswCm9GWMJT/ue/dU4aZNbwZeYAetq42VyLmsmSjvoX7z74X6ZaYCtzAr0EuGw=="],

    "@typescript/typescript-linux-x64": ["@typescript/typescript-linux-x64@7.0.2", "", { "os": "linux", "cpu": "x64" }, "sha512-EYdf2cNg7rgCWJnxCdJ+F3V39O8ihb37eHAu1LK8oAFizgTQbPOK7zHHXbPt8rX24COqODXeI3sIf0fCXG7H/A=="],

    "@typescript/typescript-netbsd-arm64": ["@typescript/typescript-netbsd-arm64@7.0.2", "", { "os": "none", "cpu": "arm64" }, "sha512-+polYF4MF04aPpO5FTkHran9yUQDSXqy5GiSDKpsll5jy3l3+g9QLhpf39T+ePtefhXLOGrLl0QIjkQP6VnelA=="],

    "@typescript/typescript-netbsd-x64": ["@typescript/typescript-netbsd-x64@7.0.2", "", { "os": "none", "cpu": "x64" }, "sha512-8YIT0EHM/3dq10ZOVF/A7pc/YSMtbcecct4rWtexrnSCHOPcpC2KTLXfTCR6vDpnSiY12heNb1GiN/wu+T/FyA=="],

    "@typescript/typescript-openbsd-arm64": ["@typescript/typescript-openbsd-arm64@7.0.2", "", { "os": "openbsd", "cpu": "arm64" }, "sha512-APT8+ClYnuYm1u9+kgGXoMj2VzWzcymwh2gNSQVySHfkRDGOTVkoWLjCmOQSaO+PoqQ57B0flRp9SA+7GnnkzQ=="],

    "@typescript/typescript-openbsd-x64": ["@typescript/typescript-openbsd-x64@7.0.2", "", { "os": "openbsd", "cpu": "x64" }, "sha512-yX7s+Q0Dln0Dt9tEzZsAjXXR/+ytBM7AlglaqyeMPxQszJ1JhlJdZ6jLA+IzldHtflX81em7lDao1xXu+aRRkg=="],

    "@typescript/typescript-sunos-x64": ["@typescript/typescript-sunos-x64@7.0.2", "", { "os": "sunos", "cpu": "x64" }, "sha512-dLJDGaLZ1D4HPQn62u1n8mBDkJREwMsAkCdkwd4Ieqw+x3TUyTsqY0YiBCtE6H6OzzgGk3iuZ3vFWRS+E8/d1g=="],

    "@typescript/typescript-win32-arm64": ["@typescript/typescript-win32-arm64@7.0.2", "", { "os": "win32", "cpu": "arm64" }, "sha512-Gyl1Vy6OsWesLzmq+EP0Fb7b4Nid5232AvcA2SFcdYreldpNtYFFofPjnt62y9hQy7VTaZp65ICJjuAQRaVcIQ=="],

    "@typescript/typescript-win32-x64": ["@typescript/typescript-win32-x64@7.0.2", "", { "os": "win32", "cpu": "x64" }, "sha512-0BQ3HkAHHlKLSp1qRvf3SUhGpGsDuhB/jgFw75guyqbxJqEaS0Cw/VFO8i2nHglJUzQCRtMMR/IBAKE3ETMC4g=="],

    "@vitest/expect": ["@vitest/expect@5.0.3", "", { "dependencies": { "@standard-schema/spec": "^1.1.0", "@types/chai": "^5.2.2", "@vitest/spy": "5.0.3", "@vitest/utils": "5.0.3", "chai": "^6.2.2", "tinyrainbow": "^3.1.1" } }, "sha512-N/VGY122AqBx25OB4EatqlVu8PBayvm9dQzpJ8kVq/pOvqAhXTE5MAmoSMzdB8klDU9wcgSEUliwgMNMtxPa1w=="],

    "@vitest/pretty-format": ["@vitest/pretty-format@5.0.3", "", { "dependencies": { "tinyrainbow": "^3.1.1" } }, "sha512-3hr5eV5z2ff0l2Q1vaKQbB4j3M3tElw8stDokEOTqXJB3Es5VrT8gBRIMY59gGuFp8Y61sWlWFK1aNUH5dHDYw=="],

    "@vitest/spy": ["@vitest/spy@5.0.3", "", {}, "sha512-XhFysQTB8AZ+P4gMi+Lpo99vg2AZi0qKpaB9yXQl37+CaMEAPO3iH/wGVnSyL5MPERiLezpqTVtrR6UZH5GCXg=="],

    "@vitest/utils": ["@vitest/utils@5.0.3", "", { "dependencies": { "@vitest/pretty-format": "5.0.3", "convert-source-map": "^2.0.0", "tinyrainbow": "^3.1.1" } }, "sha512-77fDTZv8eu1CzlIfgPU2yrl5MXSUaUAOvgdZEeVm3X3WIxUubIX2SforqS6176lT32HCF6uBVMYVqfHxw7o6eg=="],

    "agent-device": ["agent-device@0.21.22", "", { "peerDependencies": { "ai": "^6.0.0 || ^7.0.0" }, "optionalPeers": ["ai"], "bin": { "agent-device": "bin/agent-device.mjs" } }, "sha512-ndUh5b+lZ2fRzzY80TTl/KmxR4bh+3FezSH0UGCjPCpN//1trSqtzzNUWunc4woY/vW3DEiPx5xYIwG+fBOXWA=="],

    "assertion-error": ["assertion-error@2.0.1", "", {}, "sha512-Izi8RQcffqCeNVgFigKli1ssklIbpHnCYc6AknXGYoB6grJqyeby7jv12JUQgmTAnIDnbck1uxksT4dzN3PWBA=="],

    "chai": ["chai@6.2.2", "", {}, "sha512-NUPRluOfOiTKBKvWPtSD4PhFvWCqOi0BGStNWs57X9js7XGTprSmFoz5F0tWhR4WPjNeR9jXqdC7/UpSJTnlRg=="],

    "commander": ["commander@15.0.0", "", {}, "sha512-z67u4ZhzCL/Tydu1lJARtEZYWbWaN7oYLHbsuzocr6y4N6WZAagG3RQ4FW61V1/0+jImpj293XfrcYnd1qxtPg=="],

    "convert-source-map": ["convert-source-map@2.0.0", "", {}, "sha512-Kvp459HrV2FEJ1CAsi1Ku+MY3kasH19TFykTz2xWmMeq6bk2NU3XXvfJ+Q61m0xktWwt+1HSYf3JZsTms3aRJg=="],

    "e2e": ["e2e@0.18.0", "", { "dependencies": { "@ai-sdk/provider": "4.0.21", "@clack/prompts": "1.8.1", "@jridgewell/remapping": "2.3.5", "@modelcontextprotocol/server": "2.3.0", "@oxc-project/runtime": "0.152.0", "@vitest/expect": "5.0.3", "commander": "15.0.0", "get-tsconfig": "4.14.3", "oxc-parser": "0.152.0", "oxc-transform": "0.152.0", "picocolors": "1.1.1", "pngjs": "7.0.0", "zod": "4.6.1" }, "peerDependencies": { "@ai-sdk/anthropic": "^4.0.0", "@ai-sdk/google": "^4.0.0", "@ai-sdk/openai": "^4.0.0", "@ai-sdk/openai-compatible": "^3.0.0", "@ai-sdk/xai": "^5.0.0", "ai": "^7.0.0" }, "optionalPeers": ["@ai-sdk/anthropic", "@ai-sdk/google", "@ai-sdk/openai", "@ai-sdk/openai-compatible", "@ai-sdk/xai", "ai"], "bin": { "e2e": "./dist/cli/bin.js" } }, "sha512-mVIJtGXYBMLRK12CESeOowuh86nDDBhjfHIuyELuSFbaEmzl4EC4tVhm3T4Y6jidEGnGexZOATzlQ7tM/xw8JA=="],

    "fast-string-truncated-width": ["fast-string-truncated-width@3.0.3", "", {}, "sha512-0jjjIEL6+0jag3l2XWWizO64/aZVtpiGE3t0Zgqxv0DPuxiMjvB3M24fCyhZUO4KomJQPj3LTSUnDP3GpdwC0g=="],

    "fast-string-width": ["fast-string-width@3.0.2", "", { "dependencies": { "fast-string-truncated-width": "^3.0.2" } }, "sha512-gX8LrtNEI5hq8DVUfRQMbr5lpaS4nMIWV+7XEbXk2b8kiQIizgnlr12B4dA3ZEx3308ze0O4Q1R+cHts8kyUJg=="],

    "fast-wrap-ansi": ["fast-wrap-ansi@0.2.2", "", { "dependencies": { "fast-string-width": "^3.0.2" } }, "sha512-7F2Fl+TjRSenLqlU3UjSH0iyqopqoZIu7eZVpEirP2g1GtWa2G/ecEmBdgz31+Mxr+ELclgg6sokpSFIQiZ02Q=="],

    "get-tsconfig": ["get-tsconfig@4.14.3", "", { "dependencies": { "resolve-pkg-maps": "^1.0.0" } }, "sha512-++QEw4DIY7WGoukz+/+A/8dGYPT9l9yIadnmSgZ8Rjr3YVSVDipQSO9CdnJo9ePqFqUUqh+wk9uIaoiAwsiPkA=="],

    "json-schema": ["json-schema@0.4.0", "", {}, "sha512-es94M3nTIfsEPisRafak+HDLfHXnKBhV3vU5eqPcS3flIWqcxJWgXHXiey3YrpaNsanY5ei1VoYEbOzijuq9BA=="],

    "oxc-parser": ["oxc-parser@0.152.0", "", { "dependencies": { "@oxc-project/types": "^0.152.0" }, "optionalDependencies": { "@oxc-parser/binding-android-arm-eabi": "0.152.0", "@oxc-parser/binding-android-arm64": "0.152.0", "@oxc-parser/binding-darwin-arm64": "0.152.0", "@oxc-parser/binding-darwin-x64": "0.152.0", "@oxc-parser/binding-freebsd-x64": "0.152.0", "@oxc-parser/binding-linux-arm-gnueabihf": "0.152.0", "@oxc-parser/binding-linux-arm-musleabihf": "0.152.0", "@oxc-parser/binding-linux-arm64-gnu": "0.152.0", "@oxc-parser/binding-linux-arm64-musl": "0.152.0", "@oxc-parser/binding-linux-ppc64-gnu": "0.152.0", "@oxc-parser/binding-linux-riscv64-gnu": "0.152.0", "@oxc-parser/binding-linux-riscv64-musl": "0.152.0", "@oxc-parser/binding-linux-s390x-gnu": "0.152.0", "@oxc-parser/binding-linux-x64-gnu": "0.152.0", "@oxc-parser/binding-linux-x64-musl": "0.152.0", "@oxc-parser/binding-openharmony-arm64": "0.152.0", "@oxc-parser/binding-win32-arm64-msvc": "0.152.0", "@oxc-parser/binding-win32-ia32-msvc": "0.152.0", "@oxc-parser/binding-win32-x64-msvc": "0.152.0" } }, "sha512-ZztsZgaCWmPeKYMdoTT5e0oV/oxD1NeLWNR3kAtr/G707cUPYaaozRlVDHLCGnszHJRszN9mJwmPNpqgwloC0A=="],

    "oxc-transform": ["oxc-transform@0.152.0", "", { "optionalDependencies": { "@oxc-transform/binding-android-arm-eabi": "0.152.0", "@oxc-transform/binding-android-arm64": "0.152.0", "@oxc-transform/binding-darwin-arm64": "0.152.0", "@oxc-transform/binding-darwin-x64": "0.152.0", "@oxc-transform/binding-freebsd-x64": "0.152.0", "@oxc-transform/binding-linux-arm-gnueabihf": "0.152.0", "@oxc-transform/binding-linux-arm-musleabihf": "0.152.0", "@oxc-transform/binding-linux-arm64-gnu": "0.152.0", "@oxc-transform/binding-linux-arm64-musl": "0.152.0", "@oxc-transform/binding-linux-ppc64-gnu": "0.152.0", "@oxc-transform/binding-linux-riscv64-gnu": "0.152.0", "@oxc-transform/binding-linux-riscv64-musl": "0.152.0", "@oxc-transform/binding-linux-s390x-gnu": "0.152.0", "@oxc-transform/binding-linux-x64-gnu": "0.152.0", "@oxc-transform/binding-linux-x64-musl": "0.152.0", "@oxc-transform/binding-openharmony-arm64": "0.152.0", "@oxc-transform/binding-win32-arm64-msvc": "0.152.0", "@oxc-transform/binding-win32-ia32-msvc": "0.152.0", "@oxc-transform/binding-win32-x64-msvc": "0.152.0" } }, "sha512-9rs8qImolzWswXGlhmye9Yz9Mce9hOe4Pivb7rSEhF/6VKn1Q122BUe9Mr1O9xQAoBX+SrF6xXfdgxKHeQf+uQ=="],

    "picocolors": ["picocolors@1.1.1", "", {}, "sha512-xceH2snhtb5M9liqDsmEw56le376mTZkEX/jEb/RxNFyegNul7eNslCXP9FDj/Lcu0X8KEyMceP2ntpaHrDEVA=="],

    "pngjs": ["pngjs@7.0.0", "", {}, "sha512-LKWqWJRhstyYo9pGvgor/ivk2w94eSjE3RGVuzLGlr3NmD8bf7RcYGze1mNdEHRP6TRP6rMuDHk5t44hnTRyow=="],

    "resolve-pkg-maps": ["resolve-pkg-maps@1.0.0", "", {}, "sha512-seS2Tj26TBVOC2NIc2rOe2y2ZO7efxITtLZcGSOnHHNOQ7CkiUBfw0Iw2ck6xkIhPwLhKNLS8BO+hEpngQlqzw=="],

    "sisteransi": ["sisteransi@1.0.5", "", {}, "sha512-bLGGlR1QxBcynn2d5YmDX4MGjlZvy2MRBDRNHLJ8VI6l6+9FUiyTFNJ0IveOSP0bcXgVDPRcfGqA0pjaqUpfVg=="],

    "tinyrainbow": ["tinyrainbow@3.1.1", "", {}, "sha512-yau8yJdTt989Mm0Bd/236QnzEiPf2xLLTqUZRUJOo/3CB078LSwzei343DgtJVmfJKJE3TMINY1u42SQsP6mXw=="],

    "typescript": ["typescript@7.0.2", "", { "optionalDependencies": { "@typescript/typescript-aix-ppc64": "7.0.2", "@typescript/typescript-darwin-arm64": "7.0.2", "@typescript/typescript-darwin-x64": "7.0.2", "@typescript/typescript-freebsd-arm64": "7.0.2", "@typescript/typescript-freebsd-x64": "7.0.2", "@typescript/typescript-linux-arm": "7.0.2", "@typescript/typescript-linux-arm64": "7.0.2", "@typescript/typescript-linux-loong64": "7.0.2", "@typescript/typescript-linux-mips64el": "7.0.2", "@typescript/typescript-linux-ppc64": "7.0.2", "@typescript/typescript-linux-riscv64": "7.0.2", "@typescript/typescript-linux-s390x": "7.0.2", "@typescript/typescript-linux-x64": "7.0.2", "@typescript/typescript-netbsd-arm64": "7.0.2", "@typescript/typescript-netbsd-x64": "7.0.2", "@typescript/typescript-openbsd-arm64": "7.0.2", "@typescript/typescript-openbsd-x64": "7.0.2", "@typescript/typescript-sunos-x64": "7.0.2", "@typescript/typescript-win32-arm64": "7.0.2", "@typescript/typescript-win32-x64": "7.0.2" }, "bin": { "tsc": "bin/tsc" } }, "sha512-8FYau96o3NKOhbjKi/qNvG/W5jhzxkbdm5sj9AbZ/5T5sWqn3hJgLfGx27sRKZWTvyzCP8dLRBTf5tBTSRVUNA=="],

    "undici-types": ["undici-types@8.9.0", "", {}, "sha512-KTDyRTYX8sWmKXAikPHHSyc63CRPETMctyjKFupcC6OBLXT3xsN0e9aF7m+mIXutFWpUXuedtowG7iLOzp0kQg=="],

    "zod": ["zod@4.6.1", "", {}, "sha512-341aRWQsve0rvronKNTqZpjmzdbUDlFuzHaI/XLg/Ej82qffDJRRfBTCuv7+9q/rMjB6LSLyEBnW4InJeMtt/Q=="],

    "@modelcontextprotocol/core/zod": ["zod@4.6.2", "", {}, "sha512-lh5RCAGFa1Cm2hjtNwLQhSs/AsqdWnTQaBER9fEwN/88pSh7KOtJavtBx/0VlkN/uFd61SwYmljLMDAsHlvzBQ=="],

    "@modelcontextprotocol/server/zod": ["zod@4.6.2", "", {}, "sha512-lh5RCAGFa1Cm2hjtNwLQhSs/AsqdWnTQaBER9fEwN/88pSh7KOtJavtBx/0VlkN/uFd61SwYmljLMDAsHlvzBQ=="],
  }
}
